
Microsoft Visual Studio Solution File, Format Version 12.00
# Visual Studio Version 17
VisualStudioVersion = 17.9.34728.123
MinimumVisualStudioVersion = 10.0.40219.1
Project("{FAE04EC0-301F-11D3-BF4B-00C04F79EFBC}") = "Task02", "Task02\Task02.csproj", "{40333FC8-1404-4C47-BC32-983A18A147B3}"
EndProject
Global
	GlobalSection(SolutionConfigurationPlatforms) = preSolution
		Debug|Any CPU = Debug|Any CPU
		Release|Any CPU = Release|Any CPU
	EndGlobalSection
	GlobalSection(ProjectConfigurationPlatforms) = postSolution
		{40333FC8-1404-4C47-BC32-983A18A147B3}.Debug|Any CPU.ActiveCfg = Debug|Any CPU
		{40333FC8-1404-4C47-BC32-983A18A147B3}.Debug|Any CPU.Build.0 = Debug|Any CPU
		{40333FC8-1404-4C47-BC32-983A18A147B3}.Release|Any CPU.ActiveCfg = Release|Any CPU
		{40333FC8-1404-4C47-BC32-983A18A147B3}.Release|Any CPU.Build.0 = Release|Any CPU
	EndGlobalSection
	GlobalSection(SolutionProperties) = preSolution
		HideSolutionNode = FALSE
	EndGlobalSection
	GlobalSection(ExtensibilityGlobals) = postSolution
		SolutionGuid = {6C37B417-BC55-49A0-9942-C132E2E8FC22}
	EndGlobalSection
EndGlobal
